// !$*UTF8*$!
{
	archiveVersion = 1;
	classes = {
	};
	objectVersion = 46;
	objects = {

/* Begin PBXBuildFile section */
		C95FDA011518BE920056BD4A /* UIKit.framework in Frameworks */ = {isa = PBXBuildFile; fileRef = C95FDA001518BE920056BD4A /* UIKit.framework */; };
		C95FDA031518BE920056BD4A /* Foundation.framework in Frameworks */ = {isa = PBXBuildFile; fileRef = C95FDA021518BE920056BD4A /* Foundation.framework */; };
		C95FDA051518BE920056BD4A /* CoreGraphics.framework in Frameworks */ = {isa = PBXBuildFile; fileRef = C95FDA041518BE920056BD4A /* CoreGraphics.framework */; };
		C95FDA0B1518BE920056BD4A /* InfoPlist.strings in Resources */ = {isa = PBXBuildFile; fileRef = C95FDA091518BE920056BD4A /* InfoPlist.strings */; };
		C95FDA0D1518BE920056BD4A /* main.m in Sources */ = {isa = PBXBuildFile; fileRef = C95FDA0C1518BE920056BD4A /* main.m */; };
		C95FDA111518BE920056BD4A /* AppDelegate.m in Sources */ = {isa = PBXBuildFile; fileRef = C95FDA101518BE920056BD4A /* AppDelegate.m */; };
		C95FDA141518BE920056BD4A /* MainStoryboard.storyboard in Resources */ = {isa = PBXBuildFile; fileRef = C95FDA121518BE920056BD4A /* MainStoryboard.storyboard */; };
		C95FDA171518BE920056BD4A /* ViewController.m in Sources */ = {isa = PBXBuildFile; fileRef = C95FDA161518BE920056BD4A /* ViewController.m */; };
		C95FDA1F1518BEB90056BD4A /* Draw Lock.m in Sources */ = {isa = PBXBuildFile; fileRef = C95FDA1E1518BEB90056BD4A /* Draw Lock.m */; };
		C95FDA261518D9D20056BD4A /* dot_off.png in Resources */ = {isa = PBXBuildFile; fileRef = C95FDA241518D9D20056BD4A /* dot_off.png */; };
		C95FDA271518D9D20056BD4A /* dot_on.png in Resources */ = {isa = PBXBuildFile; fileRef = C95FDA251518D9D20056BD4A /* dot_on.png */; };
		C95FDA2B151A058D0056BD4A /* UserNameViewController.m in Sources */ = {isa = PBXBuildFile; fileRef = C95FDA2A151A058D0056BD4A /* UserNameViewController.m */; };
		C95FDA39151A22660056BD4A /* NSData+AESCrypt.m in Sources */ = {isa = PBXBuildFile; fileRef = C95FDA36151A22650056BD4A /* NSData+AESCrypt.m */; };
		C95FDA3A151A22660056BD4A /* NSString+AESCrypt.m in Sources */ = {isa = PBXBuildFile; fileRef = C95FDA38151A22660056BD4A /* NSString+AESCrypt.m */; };
		C99165F21520A660007005B6 /* AccountInformationViewController.m in Sources */ = {isa = PBXBuildFile; fileRef = C99165F11520A660007005B6 /* AccountInformationViewController.m */; };
/* End PBXBuildFile section */

/* Begin PBXFileReference section */
		C95FD9FC1518BE920056BD4A /* Draw Lock Login.app */ = {isa = PBXFileReference; explicitFileType = wrapper.application; includeInIndex = 0; path = "Draw Lock Login.app"; sourceTree = BUILT_PRODUCTS_DIR; };
		C95FDA001518BE920056BD4A /* UIKit.framework */ = {isa = PBXFileReference; lastKnownFileType = wrapper.framework; name = UIKit.framework; path = System/Library/Frameworks/UIKit.framework; sourceTree = SDKROOT; };
		C95FDA021518BE920056BD4A /* Foundation.framework */ = {isa = PBXFileReference; lastKnownFileType = wrapper.framework; name = Foundation.framework; path = System/Library/Frameworks/Foundation.framework; sourceTree = SDKROOT; };
		C95FDA041518BE920056BD4A /* CoreGraphics.framework */ = {isa = PBXFileReference; lastKnownFileType = wrapper.framework; name = CoreGraphics.framework; path = System/Library/Frameworks/CoreGraphics.framework; sourceTree = SDKROOT; };
		C95FDA081518BE920056BD4A /* Draw Lock Login-Info.plist */ = {isa = PBXFileReference; lastKnownFileType = text.plist.xml; path = "Draw Lock Login-Info.plist"; sourceTree = "<group>"; };
		C95FDA0A1518BE920056BD4A /* en */ = {isa = PBXFileReference; lastKnownFileType = text.plist.strings; name = en; path = en.lproj/InfoPlist.strings; sourceTree = "<group>"; };
		C95FDA0C1518BE920056BD4A /* main.m */ = {isa = PBXFileReference; lastKnownFileType = sourcecode.c.objc; path = main.m; sourceTree = "<group>"; };
		C95FDA0E1518BE920056BD4A /* Draw Lock Login-Prefix.pch */ = {isa = PBXFileReference; lastKnownFileType = sourcecode.c.h; path = "Draw Lock Login-Prefix.pch"; sourceTree = "<group>"; };
		C95FDA0F1518BE920056BD4A /* AppDelegate.h */ = {isa = PBXFileReference; lastKnownFileType = sourcecode.c.h; path = AppDelegate.h; sourceTree = "<group>"; };
		C95FDA101518BE920056BD4A /* AppDelegate.m */ = {isa = PBXFileReference; lastKnownFileType = sourcecode.c.objc; path = AppDelegate.m; sourceTree = "<group>"; };
		C95FDA131518BE920056BD4A /* en */ = {isa = PBXFileReference; lastKnownFileType = file.storyboard; name = en; path = en.lproj/MainStoryboard.storyboard; sourceTree = "<group>"; };
		C95FDA151518BE920056BD4A /* ViewController.h */ = {isa = PBXFileReference; lastKnownFileType = sourcecode.c.h; path = ViewController.h; sourceTree = "<group>"; };
		C95FDA161518BE920056BD4A /* ViewController.m */ = {isa = PBXFileReference; lastKnownFileType = sourcecode.c.objc; path = ViewController.m; sourceTree = "<group>"; };
		C95FDA1D1518BEB90056BD4A /* Draw Lock.h */ = {isa = PBXFileReference; fileEncoding = 4; lastKnownFileType = sourcecode.c.h; path = "Draw Lock.h"; sourceTree = "<group>"; };
		C95FDA1E1518BEB90056BD4A /* Draw Lock.m */ = {isa = PBXFileReference; fileEncoding = 4; lastKnownFileType = sourcecode.c.objc; path = "Draw Lock.m"; sourceTree = "<group>"; };
		C95FDA241518D9D20056BD4A /* dot_off.png */ = {isa = PBXFileReference; lastKnownFileType = image.png; path = dot_off.png; sourceTree = "<group>"; };
		C95FDA251518D9D20056BD4A /* dot_on.png */ = {isa = PBXFileReference; lastKnownFileType = image.png; path = dot_on.png; sourceTree = "<group>"; };
		C95FDA29151A058D0056BD4A /* UserNameViewController.h */ = {isa = PBXFileReference; fileEncoding = 4; lastKnownFileType = sourcecode.c.h; path = UserNameViewController.h; sourceTree = "<group>"; };
		C95FDA2A151A058D0056BD4A /* UserNameViewController.m */ = {isa = PBXFileReference; fileEncoding = 4; lastKnownFileType = sourcecode.c.objc; path = UserNameViewController.m; sourceTree = "<group>"; };
		C95FDA35151A22650056BD4A /* NSData+AESCrypt.h */ = {isa = PBXFileReference; fileEncoding = 4; lastKnownFileType = sourcecode.c.h; path = "NSData+AESCrypt.h"; sourceTree = "<group>"; };
		C95FDA36151A22650056BD4A /* NSData+AESCrypt.m */ = {isa = PBXFileReference; fileEncoding = 4; lastKnownFileType = sourcecode.c.objc; path = "NSData+AESCrypt.m"; sourceTree = "<group>"; };
		C95FDA37151A22660056BD4A /* NSString+AESCrypt.h */ = {isa = PBXFileReference; fileEncoding = 4; lastKnownFileType = sourcecode.c.h; path = "NSString+AESCrypt.h"; sourceTree = "<group>"; };
		C95FDA38151A22660056BD4A /* NSString+AESCrypt.m */ = {isa = PBXFileReference; fileEncoding = 4; lastKnownFileType = sourcecode.c.objc; path = "NSString+AESCrypt.m"; sourceTree = "<group>"; };
		C99165F01520A660007005B6 /* AccountInformationViewController.h */ = {isa = PBXFileReference; fileEncoding = 4; lastKnownFileType = sourcecode.c.h; path = AccountInformationViewController.h; sourceTree = "<group>"; };
		C99165F11520A660007005B6 /* AccountInformationViewController.m */ = {isa = PBXFileReference; fileEncoding = 4; lastKnownFileType = sourcecode.c.objc; path = AccountInformationViewController.m; sourceTree = "<group>"; };
/* End PBXFileReference section */

/* Begin PBXFrameworksBuildPhase section */
		C95FD9F91518BE920056BD4A /* Frameworks */ = {
			isa = PBXFrameworksBuildPhase;
			buildActionMask = 2147483647;
			files = (
				C95FDA011518BE920056BD4A /* UIKit.framework in Frameworks */,
				C95FDA031518BE920056BD4A /* Foundation.framework in Frameworks */,
				C95FDA051518BE920056BD4A /* CoreGraphics.framework in Frameworks */,
			);
			runOnlyForDeploymentPostprocessing = 0;
		};
/* End PBXFrameworksBuildPhase section */

/* Begin PBXGroup section */
		C95FD9F11518BE920056BD4A = {
			isa = PBXGroup;
			children = (
				C95FDA061518BE920056BD4A /* Draw Lock Login */,
				C95FD9FF1518BE920056BD4A /* Frameworks */,
				C95FD9FD1518BE920056BD4A /* Products */,
			);
			sourceTree = "<group>";
		};
		C95FD9FD1518BE920056BD4A /* Products */ = {
			isa = PBXGroup;
			children = (
				C95FD9FC1518BE920056BD4A /* Draw Lock Login.app */,
			);
			name = Products;
			sourceTree = "<group>";
		};
		C95FD9FF1518BE920056BD4A /* Frameworks */ = {
			isa = PBXGroup;
			children = (
				C95FDA001518BE920056BD4A /* UIKit.framework */,
				C95FDA021518BE920056BD4A /* Foundation.framework */,
				C95FDA041518BE920056BD4A /* CoreGraphics.framework */,
			);
			name = Frameworks;
			sourceTree = "<group>";
		};
		C95FDA061518BE920056BD4A /* Draw Lock Login */ = {
			isa = PBXGroup;
			children = (
				C95FDA281518D9D90056BD4A /* image */,
				C95FDA0F1518BE920056BD4A /* AppDelegate.h */,
				C95FDA101518BE920056BD4A /* AppDelegate.m */,
				C95FDA121518BE920056BD4A /* MainStoryboard.storyboard */,
				C95FDA29151A058D0056BD4A /* UserNameViewController.h */,
				C95FDA2A151A058D0056BD4A /* UserNameViewController.m */,
				C95FDA1D1518BEB90056BD4A /* Draw Lock.h */,
				C95FDA1E1518BEB90056BD4A /* Draw Lock.m */,
				C95FDA151518BE920056BD4A /* ViewController.h */,
				C95FDA161518BE920056BD4A /* ViewController.m */,
				C99165F01520A660007005B6 /* AccountInformationViewController.h */,
				C99165F11520A660007005B6 /* AccountInformationViewController.m */,
				C95FDA35151A22650056BD4A /* NSData+AESCrypt.h */,
				C95FDA36151A22650056BD4A /* NSData+AESCrypt.m */,
				C95FDA37151A22660056BD4A /* NSString+AESCrypt.h */,
				C95FDA38151A22660056BD4A /* NSString+AESCrypt.m */,
				C95FDA071518BE920056BD4A /* Supporting Files */,
			);
			path = "Draw Lock Login";
			sourceTree = "<group>";
		};
		C95FDA071518BE920056BD4A /* Supporting Files */ = {
			isa = PBXGroup;
			children = (
				C95FDA081518BE920056BD4A /* Draw Lock Login-Info.plist */,
				C95FDA091518BE920056BD4A /* InfoPlist.strings */,
				C95FDA0C1518BE920056BD4A /* main.m */,
				C95FDA0E1518BE920056BD4A /* Draw Lock Login-Prefix.pch */,
			);
			name = "Supporting Files";
			sourceTree = "<group>";
		};
		C95FDA281518D9D90056BD4A /* image */ = {
			isa = PBXGroup;
			children = (
				C95FDA241518D9D20056BD4A /* dot_off.png */,
				C95FDA251518D9D20056BD4A /* dot_on.png */,
			);
			name = image;
			sourceTree = "<group>";
		};
/* End PBXGroup section */

/* Begin PBXNativeTarget section */
		C95FD9FB1518BE920056BD4A /* Draw Lock Login */ = {
			isa = PBXNativeTarget;
			buildConfigurationList = C95FDA1A1518BE920056BD4A /* Build configuration list for PBXNativeTarget "Draw Lock Login" */;
			buildPhases = (
				C95FD9F81518BE920056BD4A /* Sources */,
				C95FD9F91518BE920056BD4A /* Frameworks */,
				C95FD9FA1518BE920056BD4A /* Resources */,
			);
			buildRules = (
			);
			dependencies = (
			);
			name = "Draw Lock Login";
			productName = "Draw Lock Login";
			productReference = C95FD9FC1518BE920056BD4A /* Draw Lock Login.app */;
			productType = "com.apple.product-type.application";
		};
/* End PBXNativeTarget section */

/* Begin PBXProject section */
		C95FD9F31518BE920056BD4A /* Project object */ = {
			isa = PBXProject;
			attributes = {
				LastUpgradeCheck = 0430;
			};
			buildConfigurationList = C95FD9F61518BE920056BD4A /* Build configuration list for PBXProject "Draw Lock Login" */;
			compatibilityVersion = "Xcode 3.2";
			developmentRegion = English;
			hasScannedForEncodings = 0;
			knownRegions = (
				en,
			);
			mainGroup = C95FD9F11518BE920056BD4A;
			productRefGroup = C95FD9FD1518BE920056BD4A /* Products */;
			projectDirPath = "";
			projectRoot = "";
			targets = (
				C95FD9FB1518BE920056BD4A /* Draw Lock Login */,
			);
		};
/* End PBXProject section */

/* Begin PBXResourcesBuildPhase section */
		C95FD9FA1518BE920056BD4A /* Resources */ = {
			isa = PBXResourcesBuildPhase;
			buildActionMask = 2147483647;
			files = (
				C95FDA0B1518BE920056BD4A /* InfoPlist.strings in Resources */,
				C95FDA141518BE920056BD4A /* MainStoryboard.storyboard in Resources */,
				C95FDA261518D9D20056BD4A /* dot_off.png in Resources */,
				C95FDA271518D9D20056BD4A /* dot_on.png in Resources */,
			);
			runOnlyForDeploymentPostprocessing = 0;
		};
/* End PBXResourcesBuildPhase section */

/* Begin PBXSourcesBuildPhase section */
		C95FD9F81518BE920056BD4A /* Sources */ = {
			isa = PBXSourcesBuildPhase;
			buildActionMask = 2147483647;
			files = (
				C95FDA0D1518BE920056BD4A /* main.m in Sources */,
				C95FDA111518BE920056BD4A /* AppDelegate.m in Sources */,
				C95FDA171518BE920056BD4A /* ViewController.m in Sources */,
				C95FDA1F1518BEB90056BD4A /* Draw Lock.m in Sources */,
				C95FDA2B151A058D0056BD4A /* UserNameViewController.m in Sources */,
				C95FDA39151A22660056BD4A /* NSData+AESCrypt.m in Sources */,
				C95FDA3A151A22660056BD4A /* NSString+AESCrypt.m in Sources */,
				C99165F21520A660007005B6 /* AccountInformationViewController.m in Sources */,
			);
			runOnlyForDeploymentPostprocessing = 0;
		};
/* End PBXSourcesBuildPhase section */

/* Begin PBXVariantGroup section */
		C95FDA091518BE920056BD4A /* InfoPlist.strings */ = {
			isa = PBXVariantGroup;
			children = (
				C95FDA0A1518BE920056BD4A /* en */,
			);
			name = InfoPlist.strings;
			sourceTree = "<group>";
		};
		C95FDA121518BE920056BD4A /* MainStoryboard.storyboard */ = {
			isa = PBXVariantGroup;
			children = (
				C95FDA131518BE920056BD4A /* en */,
			);
			name = MainStoryboard.storyboard;
			sourceTree = "<group>";
		};
/* End PBXVariantGroup section */

/* Begin XCBuildConfiguration section */
		C95FDA181518BE920056BD4A /* Debug */ = {
			isa = XCBuildConfiguration;
			buildSettings = {
				ALWAYS_SEARCH_USER_PATHS = NO;
				ARCHS = "$(ARCHS_STANDARD_32_BIT)";
				CLANG_ENABLE_OBJC_ARC = YES;
				"CODE_SIGN_IDENTITY[sdk=iphoneos*]" = "iPhone Developer";
				COPY_PHASE_STRIP = NO;
				GCC_C_LANGUAGE_STANDARD = gnu99;
				GCC_DYNAMIC_NO_PIC = NO;
				GCC_OPTIMIZATION_LEVEL = 0;
				GCC_PREPROCESSOR_DEFINITIONS = (
					"DEBUG=1",
					"$(inherited)",
				);
				GCC_SYMBOLS_PRIVATE_EXTERN = NO;
				GCC_VERSION = com.apple.compilers.llvm.clang.1_0;
				GCC_WARN_ABOUT_RETURN_TYPE = YES;
				GCC_WARN_UNINITIALIZED_AUTOS = YES;
				GCC_WARN_UNUSED_VARIABLE = YES;
				IPHONEOS_DEPLOYMENT_TARGET = 5.1;
				SDKROOT = iphoneos;
			};
			name = Debug;
		};
		C95FDA191518BE920056BD4A /* Release */ = {
			isa = XCBuildConfiguration;
			buildSettings = {
				ALWAYS_SEARCH_USER_PATHS = NO;
				ARCHS = "$(ARCHS_STANDARD_32_BIT)";
				CLANG_ENABLE_OBJC_ARC = YES;
				"CODE_SIGN_IDENTITY[sdk=iphoneos*]" = "iPhone Developer";
				COPY_PHASE_STRIP = YES;
				GCC_C_LANGUAGE_STANDARD = gnu99;
				GCC_VERSION = com.apple.compilers.llvm.clang.1_0;
				GCC_WARN_ABOUT_RETURN_TYPE = YES;
				GCC_WARN_UNINITIALIZED_AUTOS = YES;
				GCC_WARN_UNUSED_VARIABLE = YES;
				IPHONEOS_DEPLOYMENT_TARGET = 5.1;
				OTHER_CFLAGS = "-DNS_BLOCK_ASSERTIONS=1";
				SDKROOT = iphoneos;
				VALIDATE_PRODUCT = YES;
			};
			name = Release;
		};
		C95FDA1B1518BE920056BD4A /* Debug */ = {
			isa = XCBuildConfiguration;
			buildSettings = {
				GCC_PRECOMPILE_PREFIX_HEADER = YES;
				GCC_PREFIX_HEADER = "Draw Lock Login/Draw Lock Login-Prefix.pch";
				INFOPLIST_FILE = "Draw Lock Login/Draw Lock Login-Info.plist";
				PRODUCT_NAME = "$(TARGET_NAME)";
				WRAPPER_EXTENSION = app;
			};
			name = Debug;
		};
		C95FDA1C1518BE920056BD4A /* Release */ = {
			isa = XCBuildConfiguration;
			buildSettings = {
				GCC_PRECOMPILE_PREFIX_HEADER = YES;
				GCC_PREFIX_HEADER = "Draw Lock Login/Draw Lock Login-Prefix.pch";
				INFOPLIST_FILE = "Draw Lock Login/Draw Lock Login-Info.plist";
				PRODUCT_NAME = "$(TARGET_NAME)";
				WRAPPER_EXTENSION = app;
			};
			name = Release;
		};
/* End XCBuildConfiguration section */

/* Begin XCConfigurationList section */
		C95FD9F61518BE920056BD4A /* Build configuration list for PBXProject "Draw Lock Login" */ = {
			isa = XCConfigurationList;
			buildConfigurations = (
				C95FDA181518BE920056BD4A /* Debug */,
				C95FDA191518BE920056BD4A /* Release */,
			);
			defaultConfigurationIsVisible = 0;
			defaultConfigurationName = Release;
		};
		C95FDA1A1518BE920056BD4A /* Build configuration list for PBXNativeTarget "Draw Lock Login" */ = {
			isa = XCConfigurationList;
			buildConfigurations = (
				C95FDA1B1518BE920056BD4A /* Debug */,
				C95FDA1C1518BE920056BD4A /* Release */,
			);
			defaultConfigurationIsVisible = 0;
			defaultConfigurationName = Release;
		};
/* End XCConfigurationList section */
	};
	rootObject = C95FD9F31518BE920056BD4A /* Project object */;
}
